
Microsoft Visual Studio Solution File, Format Version 11.00
# Visual Studio 2010
Project("{F184B08F-C81C-45F6-A57F-5ABD9991F28F}") = "Sales And Inventory System", "Sales And Inventory System\Sales And Inventory System.vbproj", "{7DDA88FA-1B17-4EF8-9BB4-7F051C287A2A}"
EndProject
Global
	GlobalSection(SolutionConfigurationPlatforms) = preSolution
		Debug|x86 = Debug|x86
		Release|x86 = Release|x86
	EndGlobalSection
	GlobalSection(ProjectConfigurationPlatforms) = postSolution
		{7DDA88FA-1B17-4EF8-9BB4-7F051C287A2A}.Debug|x86.ActiveCfg = Debug|x86
		{7DDA88FA-1B17-4EF8-9BB4-7F051C287A2A}.Debug|x86.Build.0 = Debug|x86
		{7DDA88FA-1B17-4EF8-9BB4-7F051C287A2A}.Release|x86.ActiveCfg = Release|x86
		{7DDA88FA-1B17-4EF8-9BB4-7F051C287A2A}.Release|x86.Build.0 = Release|x86
	EndGlobalSection
	GlobalSection(SolutionProperties) = preSolution
		HideSolutionNode = FALSE
	EndGlobalSection
EndGlobal
